
Microsoft Visual Studio Solution File, Format Version 12.00
# Visual Studio Version 17
VisualStudioVersion = 17.7.34221.43
MinimumVisualStudioVersion = 10.0.40219.1
Project("{FAE04EC0-301F-11D3-BF4B-00C04F79EFBC}") = "Calculator", "Calculator\Calculator.csproj", "{3AC50E0B-7453-45E7-B2D7-B8116E875DE0}"
EndProject
Project("{FAE04EC0-301F-11D3-BF4B-00C04F79EFBC}") = "CalculatorTesting", "CalculatorTesting\CalculatorTesting.csproj", "{F60F8E7A-79A4-47BC-B740-A4E451365FBC}"
EndProject
Global
	GlobalSection(SolutionConfigurationPlatforms) = preSolution
		Debug|Any CPU = Debug|Any CPU
		Release|Any CPU = Release|Any CPU
	EndGlobalSection
	GlobalSection(ProjectConfigurationPlatforms) = postSolution
		{3AC50E0B-7453-45E7-B2D7-B8116E875DE0}.Debug|Any CPU.ActiveCfg = Debug|Any CPU
		{3AC50E0B-7453-45E7-B2D7-B8116E875DE0}.Debug|Any CPU.Build.0 = Debug|Any CPU
		{3AC50E0B-7453-45E7-B2D7-B8116E875DE0}.Release|Any CPU.ActiveCfg = Release|Any CPU
		{3AC50E0B-7453-45E7-B2D7-B8116E875DE0}.Release|Any CPU.Build.0 = Release|Any CPU
		{F60F8E7A-79A4-47BC-B740-A4E451365FBC}.Debug|Any CPU.ActiveCfg = Debug|Any CPU
		{F60F8E7A-79A4-47BC-B740-A4E451365FBC}.Debug|Any CPU.Build.0 = Debug|Any CPU
		{F60F8E7A-79A4-47BC-B740-A4E451365FBC}.Release|Any CPU.ActiveCfg = Release|Any CPU
		{F60F8E7A-79A4-47BC-B740-A4E451365FBC}.Release|Any CPU.Build.0 = Release|Any CPU
	EndGlobalSection
	GlobalSection(SolutionProperties) = preSolution
		HideSolutionNode = FALSE
	EndGlobalSection
	GlobalSection(ExtensibilityGlobals) = postSolution
		SolutionGuid = {3A95B35F-D2E1-47A9-B34D-7617E34666B2}
	EndGlobalSection
EndGlobal
